
Microsoft Visual Studio Solution File, Format Version 12.00
# Visual Studio Version 17
VisualStudioVersion = 17.12.35514.174 d17.12
MinimumVisualStudioVersion = 10.0.40219.1
Project("{FAE04EC0-301F-11D3-BF4B-00C04F79EFBC}") = "SalesRepManager.API", "SalesRepManager.API.csproj", "{91A60471-441B-4EA7-9090-247898FFDB6A}"
EndProject
Project("{FAE04EC0-301F-11D3-BF4B-00C04F79EFBC}") = "SalesRepManager.Tests", "..\SalesRepManager.Tests\SalesRepManager.Tests.csproj", "{B1EA0DD2-BFCA-47EF-B25C-880BC5369666}"
EndProject
Global
	GlobalSection(SolutionConfigurationPlatforms) = preSolution
		Debug|Any CPU = Debug|Any CPU
		Release|Any CPU = Release|Any CPU
	EndGlobalSection
	GlobalSection(ProjectConfigurationPlatforms) = postSolution
		{91A60471-441B-4EA7-9090-247898FFDB6A}.Debug|Any CPU.ActiveCfg = Debug|Any CPU
		{91A60471-441B-4EA7-9090-247898FFDB6A}.Debug|Any CPU.Build.0 = Debug|Any CPU
		{91A60471-441B-4EA7-9090-247898FFDB6A}.Release|Any CPU.ActiveCfg = Release|Any CPU
		{91A60471-441B-4EA7-9090-247898FFDB6A}.Release|Any CPU.Build.0 = Release|Any CPU
		{B1EA0DD2-BFCA-47EF-B25C-880BC5369666}.Debug|Any CPU.ActiveCfg = Debug|Any CPU
		{B1EA0DD2-BFCA-47EF-B25C-880BC5369666}.Debug|Any CPU.Build.0 = Debug|Any CPU
		{B1EA0DD2-BFCA-47EF-B25C-880BC5369666}.Release|Any CPU.ActiveCfg = Release|Any CPU
		{B1EA0DD2-BFCA-47EF-B25C-880BC5369666}.Release|Any CPU.Build.0 = Release|Any CPU
	EndGlobalSection
	GlobalSection(SolutionProperties) = preSolution
		HideSolutionNode = FALSE
	EndGlobalSection
EndGlobal
